// !$*UTF8*$!
{
	archiveVersion = 1;
	classes = {
	};
	objectVersion = 48;
	objects = {

/* Begin PBXBuildFile section */
		0368B4E71FBA3A4C00B0532D /* AppDelegate.swift in Sources */ = {isa = PBXBuildFile; fileRef = 0368B4E61FBA3A4C00B0532D /* AppDelegate.swift */; };
		0368B4E91FBA3A4C00B0532D /* ViewController.swift in Sources */ = {isa = PBXBuildFile; fileRef = 0368B4E81FBA3A4C00B0532D /* ViewController.swift */; };
		0368B4EC1FBA3A4C00B0532D /* Main.storyboard in Resources */ = {isa = PBXBuildFile; fileRef = 0368B4EA1FBA3A4C00B0532D /* Main.storyboard */; };
		0368B4EE1FBA3A4C00B0532D /* Assets.xcassets in Resources */ = {isa = PBXBuildFile; fileRef = 0368B4ED1FBA3A4C00B0532D /* Assets.xcassets */; };
		0368B4F11FBA3A4C00B0532D /* LaunchScreen.storyboard in Resources */ = {isa = PBXBuildFile; fileRef = 0368B4EF1FBA3A4C00B0532D /* LaunchScreen.storyboard */; };
		AF87FE911FBA4EE500558063 /* Default-568h@2x.png in Resources */ = {isa = PBXBuildFile; fileRef = AF87FE901FBA4EE500558063 /* Default-568h@2x.png */; };
		AF87FE931FBA50B900558063 /* Info.plist in Resources */ = {isa = PBXBuildFile; fileRef = AF87FE921FBA50B900558063 /* Info.plist */; };
		AFFB639C1FBA59A60059B1F8 /* PhotoViewController.swift in Sources */ = {isa = PBXBuildFile; fileRef = AFFB639B1FBA59A60059B1F8 /* PhotoViewController.swift */; };
/* End PBXBuildFile section */

/* Begin PBXFileReference section */
		0368B4E31FBA3A4C00B0532D /* NoExif.app */ = {isa = PBXFileReference; explicitFileType = wrapper.application; includeInIndex = 0; path = NoExif.app; sourceTree = BUILT_PRODUCTS_DIR; };
		0368B4E61FBA3A4C00B0532D /* AppDelegate.swift */ = {isa = PBXFileReference; lastKnownFileType = sourcecode.swift; path = AppDelegate.swift; sourceTree = "<group>"; };
		0368B4E81FBA3A4C00B0532D /* ViewController.swift */ = {isa = PBXFileReference; lastKnownFileType = sourcecode.swift; path = ViewController.swift; sourceTree = "<group>"; };
		0368B4EB1FBA3A4C00B0532D /* Base */ = {isa = PBXFileReference; lastKnownFileType = file.storyboard; name = Base; path = Base.lproj/Main.storyboard; sourceTree = "<group>"; };
		0368B4ED1FBA3A4C00B0532D /* Assets.xcassets */ = {isa = PBXFileReference; lastKnownFileType = folder.assetcatalog; path = Assets.xcassets; sourceTree = "<group>"; };
		0368B4F01FBA3A4C00B0532D /* Base */ = {isa = PBXFileReference; lastKnownFileType = file.storyboard; name = Base; path = Base.lproj/LaunchScreen.storyboard; sourceTree = "<group>"; };
		AF87FE901FBA4EE500558063 /* Default-568h@2x.png */ = {isa = PBXFileReference; lastKnownFileType = image.png; path = "Default-568h@2x.png"; sourceTree = "<group>"; };
		AF87FE921FBA50B900558063 /* Info.plist */ = {isa = PBXFileReference; fileEncoding = 4; lastKnownFileType = text.plist.xml; path = Info.plist; sourceTree = SOURCE_ROOT; };
		AFFB639B1FBA59A60059B1F8 /* PhotoViewController.swift */ = {isa = PBXFileReference; lastKnownFileType = sourcecode.swift; path = PhotoViewController.swift; sourceTree = "<group>"; };
/* End PBXFileReference section */

/* Begin PBXFrameworksBuildPhase section */
		0368B4E01FBA3A4B00B0532D /* Frameworks */ = {
			isa = PBXFrameworksBuildPhase;
			buildActionMask = 2147483647;
			files = (
			);
			runOnlyForDeploymentPostprocessing = 0;
		};
/* End PBXFrameworksBuildPhase section */

/* Begin PBXGroup section */
		0368B4DA1FBA3A4B00B0532D = {
			isa = PBXGroup;
			children = (
				AF87FE901FBA4EE500558063 /* Default-568h@2x.png */,
				0368B4E51FBA3A4C00B0532D /* NoExif */,
				0368B4E41FBA3A4C00B0532D /* Products */,
			);
			sourceTree = "<group>";
		};
		0368B4E41FBA3A4C00B0532D /* Products */ = {
			isa = PBXGroup;
			children = (
				0368B4E31FBA3A4C00B0532D /* NoExif.app */,
			);
			name = Products;
			sourceTree = "<group>";
		};
		0368B4E51FBA3A4C00B0532D /* NoExif */ = {
			isa = PBXGroup;
			children = (
				AF87FE921FBA50B900558063 /* Info.plist */,
				AFFB639A1FBA596A0059B1F8 /* Storyboards */,
				AFFB63991FBA59620059B1F8 /* ViewControllers */,
				0368B4E61FBA3A4C00B0532D /* AppDelegate.swift */,
				0368B4ED1FBA3A4C00B0532D /* Assets.xcassets */,
			);
			path = NoExif;
			sourceTree = "<group>";
		};
		AFFB63991FBA59620059B1F8 /* ViewControllers */ = {
			isa = PBXGroup;
			children = (
				0368B4E81FBA3A4C00B0532D /* ViewController.swift */,
				AFFB639B1FBA59A60059B1F8 /* PhotoViewController.swift */,
			);
			path = ViewControllers;
			sourceTree = "<group>";
		};
		AFFB639A1FBA596A0059B1F8 /* Storyboards */ = {
			isa = PBXGroup;
			children = (
				0368B4EF1FBA3A4C00B0532D /* LaunchScreen.storyboard */,
				0368B4EA1FBA3A4C00B0532D /* Main.storyboard */,
			);
			path = Storyboards;
			sourceTree = "<group>";
		};
/* End PBXGroup section */

/* Begin PBXNativeTarget section */
		0368B4E21FBA3A4B00B0532D /* NoExif */ = {
			isa = PBXNativeTarget;
			buildConfigurationList = 0368B4F51FBA3A4C00B0532D /* Build configuration list for PBXNativeTarget "NoExif" */;
			buildPhases = (
				0368B4DF1FBA3A4B00B0532D /* Sources */,
				0368B4E01FBA3A4B00B0532D /* Frameworks */,
				0368B4E11FBA3A4B00B0532D /* Resources */,
			);
			buildRules = (
			);
			dependencies = (
			);
			name = NoExif;
			productName = NoExif;
			productReference = 0368B4E31FBA3A4C00B0532D /* NoExif.app */;
			productType = "com.apple.product-type.application";
		};
/* End PBXNativeTarget section */

/* Begin PBXProject section */
		0368B4DB1FBA3A4B00B0532D /* Project object */ = {
			isa = PBXProject;
			attributes = {
				LastSwiftUpdateCheck = 0900;
				LastUpgradeCheck = 0900;
				ORGANIZATIONNAME = "Josh Bishop";
				TargetAttributes = {
					0368B4E21FBA3A4B00B0532D = {
						CreatedOnToolsVersion = 9.0;
						ProvisioningStyle = Automatic;
					};
				};
			};
			buildConfigurationList = 0368B4DE1FBA3A4B00B0532D /* Build configuration list for PBXProject "NoExif" */;
			compatibilityVersion = "Xcode 8.0";
			developmentRegion = en;
			hasScannedForEncodings = 0;
			knownRegions = (
				en,
				Base,
			);
			mainGroup = 0368B4DA1FBA3A4B00B0532D;
			productRefGroup = 0368B4E41FBA3A4C00B0532D /* Products */;
			projectDirPath = "";
			projectRoot = "";
			targets = (
				0368B4E21FBA3A4B00B0532D /* NoExif */,
			);
		};
/* End PBXProject section */

/* Begin PBXResourcesBuildPhase section */
		0368B4E11FBA3A4B00B0532D /* Resources */ = {
			isa = PBXResourcesBuildPhase;
			buildActionMask = 2147483647;
			files = (
				0368B4F11FBA3A4C00B0532D /* LaunchScreen.storyboard in Resources */,
				AF87FE911FBA4EE500558063 /* Default-568h@2x.png in Resources */,
				0368B4EE1FBA3A4C00B0532D /* Assets.xcassets in Resources */,
				AF87FE931FBA50B900558063 /* Info.plist in Resources */,
				0368B4EC1FBA3A4C00B0532D /* Main.storyboard in Resources */,
			);
			runOnlyForDeploymentPostprocessing = 0;
		};
/* End PBXResourcesBuildPhase section */

/* Begin PBXSourcesBuildPhase section */
		0368B4DF1FBA3A4B00B0532D /* Sources */ = {
			isa = PBXSourcesBuildPhase;
			buildActionMask = 2147483647;
			files = (
				0368B4E91FBA3A4C00B0532D /* ViewController.swift in Sources */,
				0368B4E71FBA3A4C00B0532D /* AppDelegate.swift in Sources */,
				AFFB639C1FBA59A60059B1F8 /* PhotoViewController.swift in Sources */,
			);
			runOnlyForDeploymentPostprocessing = 0;
		};
/* End PBXSourcesBuildPhase section */

/* Begin PBXVariantGroup section */
		0368B4EA1FBA3A4C00B0532D /* Main.storyboard */ = {
			isa = PBXVariantGroup;
			children = (
				0368B4EB1FBA3A4C00B0532D /* Base */,
			);
			name = Main.storyboard;
			sourceTree = "<group>";
		};
		0368B4EF1FBA3A4C00B0532D /* LaunchScreen.storyboard */ = {
			isa = PBXVariantGroup;
			children = (
				0368B4F01FBA3A4C00B0532D /* Base */,
			);
			name = LaunchScreen.storyboard;
			sourceTree = "<group>";
		};
/* End PBXVariantGroup section */

/* Begin XCBuildConfiguration section */
		0368B4F31FBA3A4C00B0532D /* Debug */ = {
			isa = XCBuildConfiguration;
			buildSettings = {
				ALWAYS_SEARCH_USER_PATHS = NO;
				CLANG_ANALYZER_NONNULL = YES;
				CLANG_ANALYZER_NUMBER_OBJECT_CONVERSION = YES_AGGRESSIVE;
				CLANG_CXX_LANGUAGE_STANDARD = "gnu++14";
				CLANG_CXX_LIBRARY = "libc++";
				CLANG_ENABLE_MODULES = YES;
				CLANG_ENABLE_OBJC_ARC = YES;
				CLANG_WARN_BLOCK_CAPTURE_AUTORELEASING = YES;
				CLANG_WARN_BOOL_CONVERSION = YES;
				CLANG_WARN_COMMA = YES;
				CLANG_WARN_CONSTANT_CONVERSION = YES;
				CLANG_WARN_DIRECT_OBJC_ISA_USAGE = YES_ERROR;
				CLANG_WARN_DOCUMENTATION_COMMENTS = YES;
				CLANG_WARN_EMPTY_BODY = YES;
				CLANG_WARN_ENUM_CONVERSION = YES;
				CLANG_WARN_INFINITE_RECURSION = YES;
				CLANG_WARN_INT_CONVERSION = YES;
				CLANG_WARN_NON_LITERAL_NULL_CONVERSION = YES;
				CLANG_WARN_OBJC_LITERAL_CONVERSION = YES;
				CLANG_WARN_OBJC_ROOT_CLASS = YES_ERROR;
				CLANG_WARN_RANGE_LOOP_ANALYSIS = YES;
				CLANG_WARN_STRICT_PROTOTYPES = YES;
				CLANG_WARN_SUSPICIOUS_MOVE = YES;
				CLANG_WARN_UNGUARDED_AVAILABILITY = YES_AGGRESSIVE;
				CLANG_WARN_UNREACHABLE_CODE = YES;
				CLANG_WARN__DUPLICATE_METHOD_MATCH = YES;
				CODE_SIGN_IDENTITY = "iPhone Developer";
				COPY_PHASE_STRIP = NO;
				DEBUG_INFORMATION_FORMAT = dwarf;
				ENABLE_STRICT_OBJC_MSGSEND = YES;
				ENABLE_TESTABILITY = YES;
				GCC_C_LANGUAGE_STANDARD = gnu11;
				GCC_DYNAMIC_NO_PIC = NO;
				GCC_NO_COMMON_BLOCKS = YES;
				GCC_OPTIMIZATION_LEVEL = 0;
				GCC_PREPROCESSOR_DEFINITIONS = (
					"DEBUG=1",
					"$(inherited)",
				);
				GCC_WARN_64_TO_32_BIT_CONVERSION = YES;
				GCC_WARN_ABOUT_RETURN_TYPE = YES_ERROR;
				GCC_WARN_UNDECLARED_SELECTOR = YES;
				GCC_WARN_UNINITIALIZED_AUTOS = YES_AGGRESSIVE;
				GCC_WARN_UNUSED_FUNCTION = YES;
				GCC_WARN_UNUSED_VARIABLE = YES;
				IPHONEOS_DEPLOYMENT_TARGET = 11.0;
				MTL_ENABLE_DEBUG_INFO = YES;
				ONLY_ACTIVE_ARCH = YES;
				SDKROOT = iphoneos;
				SWIFT_ACTIVE_COMPILATION_CONDITIONS = DEBUG;
				SWIFT_OPTIMIZATION_LEVEL = "-Onone";
			};
			name = Debug;
		};
		0368B4F41FBA3A4C00B0532D /* Release */ = {
			isa = XCBuildConfiguration;
			buildSettings = {
				ALWAYS_SEARCH_USER_PATHS = NO;
				CLANG_ANALYZER_NONNULL = YES;
				CLANG_ANALYZER_NUMBER_OBJECT_CONVERSION = YES_AGGRESSIVE;
				CLANG_CXX_LANGUAGE_STANDARD = "gnu++14";
				CLANG_CXX_LIBRARY = "libc++";
				CLANG_ENABLE_MODULES = YES;
				CLANG_ENABLE_OBJC_ARC = YES;
				CLANG_WARN_BLOCK_CAPTURE_AUTORELEASING = YES;
				CLANG_WARN_BOOL_CONVERSION = YES;
				CLANG_WARN_COMMA = YES;
				CLANG_WARN_CONSTANT_CONVERSION = YES;
				CLANG_WARN_DIRECT_OBJC_ISA_USAGE = YES_ERROR;
				CLANG_WARN_DOCUMENTATION_COMMENTS = YES;
				CLANG_WARN_EMPTY_BODY = YES;
				CLANG_WARN_ENUM_CONVERSION = YES;
				CLANG_WARN_INFINITE_RECURSION = YES;
				CLANG_WARN_INT_CONVERSION = YES;
				CLANG_WARN_NON_LITERAL_NULL_CONVERSION = YES;
				CLANG_WARN_OBJC_LITERAL_CONVERSION = YES;
				CLANG_WARN_OBJC_ROOT_CLASS = YES_ERROR;
				CLANG_WARN_RANGE_LOOP_ANALYSIS = YES;
				CLANG_WARN_STRICT_PROTOTYPES = YES;
				CLANG_WARN_SUSPICIOUS_MOVE = YES;
				CLANG_WARN_UNGUARDED_AVAILABILITY = YES_AGGRESSIVE;
				CLANG_WARN_UNREACHABLE_CODE = YES;
				CLANG_WARN__DUPLICATE_METHOD_MATCH = YES;
				CODE_SIGN_IDENTITY = "iPhone Developer";
				COPY_PHASE_STRIP = NO;
				DEBUG_INFORMATION_FORMAT = "dwarf-with-dsym";
				ENABLE_NS_ASSERTIONS = NO;
				ENABLE_STRICT_OBJC_MSGSEND = YES;
				GCC_C_LANGUAGE_STANDARD = gnu11;
				GCC_NO_COMMON_BLOCKS = YES;
				GCC_WARN_64_TO_32_BIT_CONVERSION = YES;
				GCC_WARN_ABOUT_RETURN_TYPE = YES_ERROR;
				GCC_WARN_UNDECLARED_SELECTOR = YES;
				GCC_WARN_UNINITIALIZED_AUTOS = YES_AGGRESSIVE;
				GCC_WARN_UNUSED_FUNCTION = YES;
				GCC_WARN_UNUSED_VARIABLE = YES;
				IPHONEOS_DEPLOYMENT_TARGET = 11.0;
				MTL_ENABLE_DEBUG_INFO = NO;
				SDKROOT = iphoneos;
				SWIFT_OPTIMIZATION_LEVEL = "-Owholemodule";
				VALIDATE_PRODUCT = YES;
			};
			name = Release;
		};
		0368B4F61FBA3A4C00B0532D /* Debug */ = {
			isa = XCBuildConfiguration;
			buildSettings = {
				ASSETCATALOG_COMPILER_APPICON_NAME = AppIcon;
				CODE_SIGN_STYLE = Automatic;
				DEVELOPMENT_TEAM = 798YB38M7Y;
				INFOPLIST_FILE = "$(SRCROOT)/Info.plist";
				LD_RUNPATH_SEARCH_PATHS = "$(inherited) @executable_path/Frameworks";
				PRODUCT_BUNDLE_IDENTIFIER = ca.bishopj.NoExif;
				PRODUCT_NAME = "$(TARGET_NAME)";
				SWIFT_VERSION = 4.0;
				TARGETED_DEVICE_FAMILY = "1,2";
			};
			name = Debug;
		};
		0368B4F71FBA3A4C00B0532D /* Release */ = {
			isa = XCBuildConfiguration;
			buildSettings = {
				ASSETCATALOG_COMPILER_APPICON_NAME = AppIcon;
				CODE_SIGN_STYLE = Automatic;
				DEVELOPMENT_TEAM = 798YB38M7Y;
				INFOPLIST_FILE = "$(SRCROOT)/Info.plist";
				LD_RUNPATH_SEARCH_PATHS = "$(inherited) @executable_path/Frameworks";
				PRODUCT_BUNDLE_IDENTIFIER = ca.bishopj.NoExif;
				PRODUCT_NAME = "$(TARGET_NAME)";
				SWIFT_VERSION = 4.0;
				TARGETED_DEVICE_FAMILY = "1,2";
			};
			name = Release;
		};
/* End XCBuildConfiguration section */

/* Begin XCConfigurationList section */
		0368B4DE1FBA3A4B00B0532D /* Build configuration list for PBXProject "NoExif" */ = {
			isa = XCConfigurationList;
			buildConfigurations = (
				0368B4F31FBA3A4C00B0532D /* Debug */,
				0368B4F41FBA3A4C00B0532D /* Release */,
			);
			defaultConfigurationIsVisible = 0;
			defaultConfigurationName = Release;
		};
		0368B4F51FBA3A4C00B0532D /* Build configuration list for PBXNativeTarget "NoExif" */ = {
			isa = XCConfigurationList;
			buildConfigurations = (
				0368B4F61FBA3A4C00B0532D /* Debug */,
				0368B4F71FBA3A4C00B0532D /* Release */,
			);
			defaultConfigurationIsVisible = 0;
			defaultConfigurationName = Release;
		};
/* End XCConfigurationList section */
	};
	rootObject = 0368B4DB1FBA3A4B00B0532D /* Project object */;
}
